// !$*UTF8*$!
{
	archiveVersion = 1;
	classes = {
	};
	objectVersion = 55;
	objects = {

/* Begin PBXBuildFile section */
		2F45EF57287CDFC90038D552 /* SwiftSnmpToolsTests.swift in Sources */ = {isa = PBXBuildFile; fileRef = 2F45EF56287CDFC90038D552 /* SwiftSnmpToolsTests.swift */; };
		2F45EF5C287CE0160038D552 /* SwiftSnmpKit in Frameworks */ = {isa = PBXBuildFile; productRef = 2F45EF5B287CE0160038D552 /* SwiftSnmpKit */; };
		2F45EF7E287E2E130038D552 /* main.swift in Sources */ = {isa = PBXBuildFile; fileRef = 2F45EF7D287E2E130038D552 /* main.swift */; };
		2F45EF83287E31850038D552 /* SwiftSnmpKit in Frameworks */ = {isa = PBXBuildFile; productRef = 2F45EF82287E31850038D552 /* SwiftSnmpKit */; };
		2F82AC6328712D1B0060931B /* SwiftSnmpGet.swift in Sources */ = {isa = PBXBuildFile; fileRef = 2F82AC6228712D1B0060931B /* SwiftSnmpGet.swift */; };
		2F82AC6928712E510060931B /* SwiftSnmpKit in Frameworks */ = {isa = PBXBuildFile; productRef = 2F82AC6828712E510060931B /* SwiftSnmpKit */; };
		2F82AC6E287A20F90060931B /* ArgumentParser in Frameworks */ = {isa = PBXBuildFile; productRef = 2F82AC6D287A20F90060931B /* ArgumentParser */; };
/* End PBXBuildFile section */

/* Begin PBXCopyFilesBuildPhase section */
		2F45EF79287E2E130038D552 /* CopyFiles */ = {
			isa = PBXCopyFilesBuildPhase;
			buildActionMask = 2147483647;
			dstPath = /usr/share/man/man1/;
			dstSubfolderSpec = 0;
			files = (
			);
			runOnlyForDeploymentPostprocessing = 1;
		};
		2F82AC5E28712D1B0060931B /* CopyFiles */ = {
			isa = PBXCopyFilesBuildPhase;
			buildActionMask = 2147483647;
			dstPath = /usr/share/man/man1/;
			dstSubfolderSpec = 0;
			files = (
			);
			runOnlyForDeploymentPostprocessing = 1;
		};
/* End PBXCopyFilesBuildPhase section */

/* Begin PBXFileReference section */
		2F45EF54287CDFC90038D552 /* SwiftSnmpToolsTests.xctest */ = {isa = PBXFileReference; explicitFileType = wrapper.cfbundle; includeInIndex = 0; path = SwiftSnmpToolsTests.xctest; sourceTree = BUILT_PRODUCTS_DIR; };
		2F45EF56287CDFC90038D552 /* SwiftSnmpToolsTests.swift */ = {isa = PBXFileReference; lastKnownFileType = sourcecode.swift; path = SwiftSnmpToolsTests.swift; sourceTree = "<group>"; };
		2F45EF7B287E2E130038D552 /* NioGetTest */ = {isa = PBXFileReference; explicitFileType = "compiled.mach-o.executable"; includeInIndex = 0; path = NioGetTest; sourceTree = BUILT_PRODUCTS_DIR; };
		2F45EF7D287E2E130038D552 /* main.swift */ = {isa = PBXFileReference; lastKnownFileType = sourcecode.swift; path = main.swift; sourceTree = "<group>"; };
		2F82AC6028712D1B0060931B /* swiftsnmpget */ = {isa = PBXFileReference; explicitFileType = "compiled.mach-o.executable"; includeInIndex = 0; path = swiftsnmpget; sourceTree = BUILT_PRODUCTS_DIR; };
		2F82AC6228712D1B0060931B /* SwiftSnmpGet.swift */ = {isa = PBXFileReference; lastKnownFileType = sourcecode.swift; path = SwiftSnmpGet.swift; sourceTree = "<group>"; };
/* End PBXFileReference section */

/* Begin PBXFrameworksBuildPhase section */
		2F45EF51287CDFC90038D552 /* Frameworks */ = {
			isa = PBXFrameworksBuildPhase;
			buildActionMask = 2147483647;
			files = (
				2F45EF5C287CE0160038D552 /* SwiftSnmpKit in Frameworks */,
			);
			runOnlyForDeploymentPostprocessing = 0;
		};
		2F45EF78287E2E130038D552 /* Frameworks */ = {
			isa = PBXFrameworksBuildPhase;
			buildActionMask = 2147483647;
			files = (
				2F45EF83287E31850038D552 /* SwiftSnmpKit in Frameworks */,
			);
			runOnlyForDeploymentPostprocessing = 0;
		};
		2F82AC5D28712D1B0060931B /* Frameworks */ = {
			isa = PBXFrameworksBuildPhase;
			buildActionMask = 2147483647;
			files = (
				2F82AC6E287A20F90060931B /* ArgumentParser in Frameworks */,
				2F82AC6928712E510060931B /* SwiftSnmpKit in Frameworks */,
			);
			runOnlyForDeploymentPostprocessing = 0;
		};
/* End PBXFrameworksBuildPhase section */

/* Begin PBXGroup section */
		2F45EF55287CDFC90038D552 /* SwiftSnmpToolsTests */ = {
			isa = PBXGroup;
			children = (
				2F45EF56287CDFC90038D552 /* SwiftSnmpToolsTests.swift */,
			);
			path = SwiftSnmpToolsTests;
			sourceTree = "<group>";
		};
		2F45EF7C287E2E130038D552 /* NioGetTest */ = {
			isa = PBXGroup;
			children = (
				2F45EF7D287E2E130038D552 /* main.swift */,
			);
			path = NioGetTest;
			sourceTree = "<group>";
		};
		2F82AC4628712BB10060931B = {
			isa = PBXGroup;
			children = (
				2F82AC6128712D1B0060931B /* swiftsnmpget */,
				2F45EF55287CDFC90038D552 /* SwiftSnmpToolsTests */,
				2F45EF7C287E2E130038D552 /* NioGetTest */,
				2F82AC5028712BB10060931B /* Products */,
				2F82AC6728712E510060931B /* Frameworks */,
			);
			sourceTree = "<group>";
		};
		2F82AC5028712BB10060931B /* Products */ = {
			isa = PBXGroup;
			children = (
				2F82AC6028712D1B0060931B /* swiftsnmpget */,
				2F45EF54287CDFC90038D552 /* SwiftSnmpToolsTests.xctest */,
				2F45EF7B287E2E130038D552 /* NioGetTest */,
			);
			name = Products;
			sourceTree = "<group>";
		};
		2F82AC6128712D1B0060931B /* swiftsnmpget */ = {
			isa = PBXGroup;
			children = (
				2F82AC6228712D1B0060931B /* SwiftSnmpGet.swift */,
			);
			path = swiftsnmpget;
			sourceTree = "<group>";
		};
		2F82AC6728712E510060931B /* Frameworks */ = {
			isa = PBXGroup;
			children = (
			);
			name = Frameworks;
			sourceTree = "<group>";
		};
/* End PBXGroup section */

/* Begin PBXNativeTarget section */
		2F45EF53287CDFC90038D552 /* SwiftSnmpToolsTests */ = {
			isa = PBXNativeTarget;
			buildConfigurationList = 2F45EF5A287CDFC90038D552 /* Build configuration list for PBXNativeTarget "SwiftSnmpToolsTests" */;
			buildPhases = (
				2F45EF50287CDFC90038D552 /* Sources */,
				2F45EF51287CDFC90038D552 /* Frameworks */,
				2F45EF52287CDFC90038D552 /* Resources */,
			);
			buildRules = (
			);
			dependencies = (
			);
			name = SwiftSnmpToolsTests;
			packageProductDependencies = (
				2F45EF5B287CE0160038D552 /* SwiftSnmpKit */,
			);
			productName = SwiftSnmpToolsTests;
			productReference = 2F45EF54287CDFC90038D552 /* SwiftSnmpToolsTests.xctest */;
			productType = "com.apple.product-type.bundle.unit-test";
		};
		2F45EF7A287E2E130038D552 /* NioGetTest */ = {
			isa = PBXNativeTarget;
			buildConfigurationList = 2F45EF7F287E2E130038D552 /* Build configuration list for PBXNativeTarget "NioGetTest" */;
			buildPhases = (
				2F45EF77287E2E130038D552 /* Sources */,
				2F45EF78287E2E130038D552 /* Frameworks */,
				2F45EF79287E2E130038D552 /* CopyFiles */,
			);
			buildRules = (
			);
			dependencies = (
			);
			name = NioGetTest;
			packageProductDependencies = (
				2F45EF82287E31850038D552 /* SwiftSnmpKit */,
			);
			productName = NioGetTest;
			productReference = 2F45EF7B287E2E130038D552 /* NioGetTest */;
			productType = "com.apple.product-type.tool";
		};
		2F82AC5F28712D1B0060931B /* swiftsnmpget */ = {
			isa = PBXNativeTarget;
			buildConfigurationList = 2F82AC6428712D1B0060931B /* Build configuration list for PBXNativeTarget "swiftsnmpget" */;
			buildPhases = (
				2F82AC5C28712D1B0060931B /* Sources */,
				2F82AC5D28712D1B0060931B /* Frameworks */,
				2F82AC5E28712D1B0060931B /* CopyFiles */,
			);
			buildRules = (
			);
			dependencies = (
			);
			name = swiftsnmpget;
			packageProductDependencies = (
				2F82AC6828712E510060931B /* SwiftSnmpKit */,
				2F82AC6D287A20F90060931B /* ArgumentParser */,
			);
			productName = swiftsnmpget;
			productReference = 2F82AC6028712D1B0060931B /* swiftsnmpget */;
			productType = "com.apple.product-type.tool";
		};
/* End PBXNativeTarget section */

/* Begin PBXProject section */
		2F82AC4728712BB10060931B /* Project object */ = {
			isa = PBXProject;
			attributes = {
				BuildIndependentTargetsInParallel = 1;
				LastSwiftUpdateCheck = 1340;
				LastUpgradeCheck = 1340;
				TargetAttributes = {
					2F45EF53287CDFC90038D552 = {
						CreatedOnToolsVersion = 13.4.1;
					};
					2F45EF7A287E2E130038D552 = {
						CreatedOnToolsVersion = 13.4.1;
					};
					2F82AC5F28712D1B0060931B = {
						CreatedOnToolsVersion = 13.4.1;
					};
				};
			};
			buildConfigurationList = 2F82AC4A28712BB10060931B /* Build configuration list for PBXProject "SwiftSnmpTools" */;
			compatibilityVersion = "Xcode 13.0";
			developmentRegion = en;
			hasScannedForEncodings = 0;
			knownRegions = (
				en,
				Base,
			);
			mainGroup = 2F82AC4628712BB10060931B;
			packageReferences = (
				2F82AC5928712CC30060931B /* XCRemoteSwiftPackageReference "SwiftSnmpKit" */,
				2F82AC6A287A1E3F0060931B /* XCRemoteSwiftPackageReference "swift-argument-parser" */,
			);
			productRefGroup = 2F82AC5028712BB10060931B /* Products */;
			projectDirPath = "";
			projectRoot = "";
			targets = (
				2F82AC5F28712D1B0060931B /* swiftsnmpget */,
				2F45EF53287CDFC90038D552 /* SwiftSnmpToolsTests */,
				2F45EF7A287E2E130038D552 /* NioGetTest */,
			);
		};
/* End PBXProject section */

/* Begin PBXResourcesBuildPhase section */
		2F45EF52287CDFC90038D552 /* Resources */ = {
			isa = PBXResourcesBuildPhase;
			buildActionMask = 2147483647;
			files = (
			);
			runOnlyForDeploymentPostprocessing = 0;
		};
/* End PBXResourcesBuildPhase section */

/* Begin PBXSourcesBuildPhase section */
		2F45EF50287CDFC90038D552 /* Sources */ = {
			isa = PBXSourcesBuildPhase;
			buildActionMask = 2147483647;
			files = (
				2F45EF57287CDFC90038D552 /* SwiftSnmpToolsTests.swift in Sources */,
			);
			runOnlyForDeploymentPostprocessing = 0;
		};
		2F45EF77287E2E130038D552 /* Sources */ = {
			isa = PBXSourcesBuildPhase;
			buildActionMask = 2147483647;
			files = (
				2F45EF7E287E2E130038D552 /* main.swift in Sources */,
			);
			runOnlyForDeploymentPostprocessing = 0;
		};
		2F82AC5C28712D1B0060931B /* Sources */ = {
			isa = PBXSourcesBuildPhase;
			buildActionMask = 2147483647;
			files = (
				2F82AC6328712D1B0060931B /* SwiftSnmpGet.swift in Sources */,
			);
			runOnlyForDeploymentPostprocessing = 0;
		};
/* End PBXSourcesBuildPhase section */

/* Begin XCBuildConfiguration section */
		2F45EF58287CDFC90038D552 /* Debug */ = {
			isa = XCBuildConfiguration;
			buildSettings = {
				CODE_SIGN_STYLE = Automatic;
				CURRENT_PROJECT_VERSION = 1;
				DEVELOPMENT_TEAM = 8DU2Q8ABKY;
				GENERATE_INFOPLIST_FILE = YES;
				MARKETING_VERSION = 1.0;
				PRODUCT_BUNDLE_IDENTIFIER = net.networkmom.SwiftSnmpToolsTests;
				PRODUCT_NAME = "$(TARGET_NAME)";
				SWIFT_EMIT_LOC_STRINGS = NO;
				SWIFT_VERSION = 5.0;
			};
			name = Debug;
		};
		2F45EF59287CDFC90038D552 /* Release */ = {
			isa = XCBuildConfiguration;
			buildSettings = {
				CODE_SIGN_STYLE = Automatic;
				CURRENT_PROJECT_VERSION = 1;
				DEVELOPMENT_TEAM = 8DU2Q8ABKY;
				GENERATE_INFOPLIST_FILE = YES;
				MARKETING_VERSION = 1.0;
				PRODUCT_BUNDLE_IDENTIFIER = net.networkmom.SwiftSnmpToolsTests;
				PRODUCT_NAME = "$(TARGET_NAME)";
				SWIFT_EMIT_LOC_STRINGS = NO;
				SWIFT_VERSION = 5.0;
			};
			name = Release;
		};
		2F45EF80287E2E130038D552 /* Debug */ = {
			isa = XCBuildConfiguration;
			buildSettings = {
				CODE_SIGN_STYLE = Automatic;
				DEVELOPMENT_TEAM = 8DU2Q8ABKY;
				ENABLE_HARDENED_RUNTIME = YES;
				PRODUCT_NAME = "$(TARGET_NAME)";
				SWIFT_VERSION = 5.0;
			};
			name = Debug;
		};
		2F45EF81287E2E130038D552 /* Release */ = {
			isa = XCBuildConfiguration;
			buildSettings = {
				CODE_SIGN_STYLE = Automatic;
				DEVELOPMENT_TEAM = 8DU2Q8ABKY;
				ENABLE_HARDENED_RUNTIME = YES;
				PRODUCT_NAME = "$(TARGET_NAME)";
				SWIFT_VERSION = 5.0;
			};
			name = Release;
		};
		2F82AC5428712BB10060931B /* Debug */ = {
			isa = XCBuildConfiguration;
			buildSettings = {
				ALWAYS_SEARCH_USER_PATHS = NO;
				CLANG_ANALYZER_NONNULL = YES;
				CLANG_ANALYZER_NUMBER_OBJECT_CONVERSION = YES_AGGRESSIVE;
				CLANG_CXX_LANGUAGE_STANDARD = "gnu++17";
				CLANG_ENABLE_MODULES = YES;
				CLANG_ENABLE_OBJC_ARC = YES;
				CLANG_ENABLE_OBJC_WEAK = YES;
				CLANG_WARN_BLOCK_CAPTURE_AUTORELEASING = YES;
				CLANG_WARN_BOOL_CONVERSION = YES;
				CLANG_WARN_COMMA = YES;
				CLANG_WARN_CONSTANT_CONVERSION = YES;
				CLANG_WARN_DEPRECATED_OBJC_IMPLEMENTATIONS = YES;
				CLANG_WARN_DIRECT_OBJC_ISA_USAGE = YES_ERROR;
				CLANG_WARN_DOCUMENTATION_COMMENTS = YES;
				CLANG_WARN_EMPTY_BODY = YES;
				CLANG_WARN_ENUM_CONVERSION = YES;
				CLANG_WARN_INFINITE_RECURSION = YES;
				CLANG_WARN_INT_CONVERSION = YES;
				CLANG_WARN_NON_LITERAL_NULL_CONVERSION = YES;
				CLANG_WARN_OBJC_IMPLICIT_RETAIN_SELF = YES;
				CLANG_WARN_OBJC_LITERAL_CONVERSION = YES;
				CLANG_WARN_OBJC_ROOT_CLASS = YES_ERROR;
				CLANG_WARN_QUOTED_INCLUDE_IN_FRAMEWORK_HEADER = YES;
				CLANG_WARN_RANGE_LOOP_ANALYSIS = YES;
				CLANG_WARN_STRICT_PROTOTYPES = YES;
				CLANG_WARN_SUSPICIOUS_MOVE = YES;
				CLANG_WARN_UNGUARDED_AVAILABILITY = YES_AGGRESSIVE;
				CLANG_WARN_UNREACHABLE_CODE = YES;
				CLANG_WARN__DUPLICATE_METHOD_MATCH = YES;
				COPY_PHASE_STRIP = NO;
				DEBUG_INFORMATION_FORMAT = dwarf;
				ENABLE_STRICT_OBJC_MSGSEND = YES;
				ENABLE_TESTABILITY = YES;
				GCC_C_LANGUAGE_STANDARD = gnu11;
				GCC_DYNAMIC_NO_PIC = NO;
				GCC_NO_COMMON_BLOCKS = YES;
				GCC_OPTIMIZATION_LEVEL = 0;
				GCC_PREPROCESSOR_DEFINITIONS = (
					"DEBUG=1",
					"$(inherited)",
				);
				GCC_WARN_64_TO_32_BIT_CONVERSION = YES;
				GCC_WARN_ABOUT_RETURN_TYPE = YES_ERROR;
				GCC_WARN_UNDECLARED_SELECTOR = YES;
				GCC_WARN_UNINITIALIZED_AUTOS = YES_AGGRESSIVE;
				GCC_WARN_UNUSED_FUNCTION = YES;
				GCC_WARN_UNUSED_VARIABLE = YES;
				MACOSX_DEPLOYMENT_TARGET = 12.3;
				MTL_ENABLE_DEBUG_INFO = INCLUDE_SOURCE;
				MTL_FAST_MATH = YES;
				ONLY_ACTIVE_ARCH = YES;
				SDKROOT = macosx;
				SWIFT_ACTIVE_COMPILATION_CONDITIONS = DEBUG;
				SWIFT_OPTIMIZATION_LEVEL = "-Onone";
			};
			name = Debug;
		};
		2F82AC5528712BB10060931B /* Release */ = {
			isa = XCBuildConfiguration;
			buildSettings = {
				ALWAYS_SEARCH_USER_PATHS = NO;
				CLANG_ANALYZER_NONNULL = YES;
				CLANG_ANALYZER_NUMBER_OBJECT_CONVERSION = YES_AGGRESSIVE;
				CLANG_CXX_LANGUAGE_STANDARD = "gnu++17";
				CLANG_ENABLE_MODULES = YES;
				CLANG_ENABLE_OBJC_ARC = YES;
				CLANG_ENABLE_OBJC_WEAK = YES;
				CLANG_WARN_BLOCK_CAPTURE_AUTORELEASING = YES;
				CLANG_WARN_BOOL_CONVERSION = YES;
				CLANG_WARN_COMMA = YES;
				CLANG_WARN_CONSTANT_CONVERSION = YES;
				CLANG_WARN_DEPRECATED_OBJC_IMPLEMENTATIONS = YES;
				CLANG_WARN_DIRECT_OBJC_ISA_USAGE = YES_ERROR;
				CLANG_WARN_DOCUMENTATION_COMMENTS = YES;
				CLANG_WARN_EMPTY_BODY = YES;
				CLANG_WARN_ENUM_CONVERSION = YES;
				CLANG_WARN_INFINITE_RECURSION = YES;
				CLANG_WARN_INT_CONVERSION = YES;
				CLANG_WARN_NON_LITERAL_NULL_CONVERSION = YES;
				CLANG_WARN_OBJC_IMPLICIT_RETAIN_SELF = YES;
				CLANG_WARN_OBJC_LITERAL_CONVERSION = YES;
				CLANG_WARN_OBJC_ROOT_CLASS = YES_ERROR;
				CLANG_WARN_QUOTED_INCLUDE_IN_FRAMEWORK_HEADER = YES;
				CLANG_WARN_RANGE_LOOP_ANALYSIS = YES;
				CLANG_WARN_STRICT_PROTOTYPES = YES;
				CLANG_WARN_SUSPICIOUS_MOVE = YES;
				CLANG_WARN_UNGUARDED_AVAILABILITY = YES_AGGRESSIVE;
				CLANG_WARN_UNREACHABLE_CODE = YES;
				CLANG_WARN__DUPLICATE_METHOD_MATCH = YES;
				COPY_PHASE_STRIP = NO;
				DEBUG_INFORMATION_FORMAT = "dwarf-with-dsym";
				ENABLE_NS_ASSERTIONS = NO;
				ENABLE_STRICT_OBJC_MSGSEND = YES;
				GCC_C_LANGUAGE_STANDARD = gnu11;
				GCC_NO_COMMON_BLOCKS = YES;
				GCC_WARN_64_TO_32_BIT_CONVERSION = YES;
				GCC_WARN_ABOUT_RETURN_TYPE = YES_ERROR;
				GCC_WARN_UNDECLARED_SELECTOR = YES;
				GCC_WARN_UNINITIALIZED_AUTOS = YES_AGGRESSIVE;
				GCC_WARN_UNUSED_FUNCTION = YES;
				GCC_WARN_UNUSED_VARIABLE = YES;
				MACOSX_DEPLOYMENT_TARGET = 12.3;
				MTL_ENABLE_DEBUG_INFO = NO;
				MTL_FAST_MATH = YES;
				SDKROOT = macosx;
				SWIFT_COMPILATION_MODE = wholemodule;
				SWIFT_OPTIMIZATION_LEVEL = "-O";
			};
			name = Release;
		};
		2F82AC6528712D1B0060931B /* Debug */ = {
			isa = XCBuildConfiguration;
			buildSettings = {
				CODE_SIGN_STYLE = Automatic;
				DEVELOPMENT_TEAM = 8DU2Q8ABKY;
				ENABLE_HARDENED_RUNTIME = YES;
				PRODUCT_NAME = "$(TARGET_NAME)";
				SWIFT_VERSION = 5.0;
			};
			name = Debug;
		};
		2F82AC6628712D1B0060931B /* Release */ = {
			isa = XCBuildConfiguration;
			buildSettings = {
				CODE_SIGN_STYLE = Automatic;
				DEVELOPMENT_TEAM = 8DU2Q8ABKY;
				ENABLE_HARDENED_RUNTIME = YES;
				PRODUCT_NAME = "$(TARGET_NAME)";
				SWIFT_VERSION = 5.0;
			};
			name = Release;
		};
/* End XCBuildConfiguration section */

/* Begin XCConfigurationList section */
		2F45EF5A287CDFC90038D552 /* Build configuration list for PBXNativeTarget "SwiftSnmpToolsTests" */ = {
			isa = XCConfigurationList;
			buildConfigurations = (
				2F45EF58287CDFC90038D552 /* Debug */,
				2F45EF59287CDFC90038D552 /* Release */,
			);
			defaultConfigurationIsVisible = 0;
			defaultConfigurationName = Release;
		};
		2F45EF7F287E2E130038D552 /* Build configuration list for PBXNativeTarget "NioGetTest" */ = {
			isa = XCConfigurationList;
			buildConfigurations = (
				2F45EF80287E2E130038D552 /* Debug */,
				2F45EF81287E2E130038D552 /* Release */,
			);
			defaultConfigurationIsVisible = 0;
			defaultConfigurationName = Release;
		};
		2F82AC4A28712BB10060931B /* Build configuration list for PBXProject "SwiftSnmpTools" */ = {
			isa = XCConfigurationList;
			buildConfigurations = (
				2F82AC5428712BB10060931B /* Debug */,
				2F82AC5528712BB10060931B /* Release */,
			);
			defaultConfigurationIsVisible = 0;
			defaultConfigurationName = Release;
		};
		2F82AC6428712D1B0060931B /* Build configuration list for PBXNativeTarget "swiftsnmpget" */ = {
			isa = XCConfigurationList;
			buildConfigurations = (
				2F82AC6528712D1B0060931B /* Debug */,
				2F82AC6628712D1B0060931B /* Release */,
			);
			defaultConfigurationIsVisible = 0;
			defaultConfigurationName = Release;
		};
/* End XCConfigurationList section */

/* Begin XCRemoteSwiftPackageReference section */
		2F82AC5928712CC30060931B /* XCRemoteSwiftPackageReference "SwiftSnmpKit" */ = {
			isa = XCRemoteSwiftPackageReference;
			repositoryURL = "https://github.com/darrellroot/SwiftSnmpKit.git";
			requirement = {
				kind = upToNextMajorVersion;
				minimumVersion = 0.0.1;
			};
		};
		2F82AC6A287A1E3F0060931B /* XCRemoteSwiftPackageReference "swift-argument-parser" */ = {
			isa = XCRemoteSwiftPackageReference;
			repositoryURL = "https://github.com/apple/swift-argument-parser.git";
			requirement = {
				kind = upToNextMajorVersion;
				minimumVersion = 1.0.0;
			};
		};
/* End XCRemoteSwiftPackageReference section */

/* Begin XCSwiftPackageProductDependency section */
		2F45EF5B287CE0160038D552 /* SwiftSnmpKit */ = {
			isa = XCSwiftPackageProductDependency;
			package = 2F82AC5928712CC30060931B /* XCRemoteSwiftPackageReference "SwiftSnmpKit" */;
			productName = SwiftSnmpKit;
		};
		2F45EF82287E31850038D552 /* SwiftSnmpKit */ = {
			isa = XCSwiftPackageProductDependency;
			package = 2F82AC5928712CC30060931B /* XCRemoteSwiftPackageReference "SwiftSnmpKit" */;
			productName = SwiftSnmpKit;
		};
		2F82AC6828712E510060931B /* SwiftSnmpKit */ = {
			isa = XCSwiftPackageProductDependency;
			package = 2F82AC5928712CC30060931B /* XCRemoteSwiftPackageReference "SwiftSnmpKit" */;
			productName = SwiftSnmpKit;
		};
		2F82AC6D287A20F90060931B /* ArgumentParser */ = {
			isa = XCSwiftPackageProductDependency;
			package = 2F82AC6A287A1E3F0060931B /* XCRemoteSwiftPackageReference "swift-argument-parser" */;
			productName = ArgumentParser;
		};
/* End XCSwiftPackageProductDependency section */
	};
	rootObject = 2F82AC4728712BB10060931B /* Project object */;
}
