// !$*UTF8*$!
{
	archiveVersion = 1;
	classes = {
	};
	objectVersion = 55;
	objects = {

/* Begin PBXBuildFile section */
		2F3154C92880D52900190310 /* SwiftSnmpWalk.swift in Sources */ = {isa = PBXBuildFile; fileRef = 2F3154C82880D52900190310 /* SwiftSnmpWalk.swift */; };
		2F3154CE2880D53900190310 /* ArgumentParser in Frameworks */ = {isa = PBXBuildFile; productRef = 2F3154CD2880D53900190310 /* ArgumentParser */; };
		2F3154D02880D53E00190310 /* SwiftSnmpKit in Frameworks */ = {isa = PBXBuildFile; productRef = 2F3154CF2880D53E00190310 /* SwiftSnmpKit */; };
		2F3154D82886297100190310 /* SwiftSnmpV3Get.swift in Sources */ = {isa = PBXBuildFile; fileRef = 2F3154D72886297000190310 /* SwiftSnmpV3Get.swift */; };
		2F3154DD28862A9F00190310 /* ArgumentParser in Frameworks */ = {isa = PBXBuildFile; productRef = 2F3154DC28862A9F00190310 /* ArgumentParser */; };
		2F3154DF28862AA600190310 /* SwiftSnmpKit in Frameworks */ = {isa = PBXBuildFile; productRef = 2F3154DE28862AA600190310 /* SwiftSnmpKit */; };
		2F82AC6328712D1B0060931B /* SwiftSnmpGet.swift in Sources */ = {isa = PBXBuildFile; fileRef = 2F82AC6228712D1B0060931B /* SwiftSnmpGet.swift */; };
		2F82AC6928712E510060931B /* SwiftSnmpKit in Frameworks */ = {isa = PBXBuildFile; productRef = 2F82AC6828712E510060931B /* SwiftSnmpKit */; };
		2F82AC6E287A20F90060931B /* ArgumentParser in Frameworks */ = {isa = PBXBuildFile; productRef = 2F82AC6D287A20F90060931B /* ArgumentParser */; };
/* End PBXBuildFile section */

/* Begin PBXCopyFilesBuildPhase section */
		2F3154C42880D52900190310 /* CopyFiles */ = {
			isa = PBXCopyFilesBuildPhase;
			buildActionMask = 2147483647;
			dstPath = /usr/share/man/man1/;
			dstSubfolderSpec = 0;
			files = (
			);
			runOnlyForDeploymentPostprocessing = 1;
		};
		2F3154D32886297000190310 /* CopyFiles */ = {
			isa = PBXCopyFilesBuildPhase;
			buildActionMask = 2147483647;
			dstPath = /usr/share/man/man1/;
			dstSubfolderSpec = 0;
			files = (
			);
			runOnlyForDeploymentPostprocessing = 1;
		};
		2F82AC5E28712D1B0060931B /* CopyFiles */ = {
			isa = PBXCopyFilesBuildPhase;
			buildActionMask = 2147483647;
			dstPath = /usr/share/man/man1/;
			dstSubfolderSpec = 0;
			files = (
			);
			runOnlyForDeploymentPostprocessing = 1;
		};
/* End PBXCopyFilesBuildPhase section */

/* Begin PBXFileReference section */
		2F3154C62880D52900190310 /* SwiftSnmpWalk */ = {isa = PBXFileReference; explicitFileType = "compiled.mach-o.executable"; includeInIndex = 0; path = SwiftSnmpWalk; sourceTree = BUILT_PRODUCTS_DIR; };
		2F3154C82880D52900190310 /* SwiftSnmpWalk.swift */ = {isa = PBXFileReference; lastKnownFileType = sourcecode.swift; path = SwiftSnmpWalk.swift; sourceTree = "<group>"; };
		2F3154D52886297000190310 /* SwiftSnmpV3Get */ = {isa = PBXFileReference; explicitFileType = "compiled.mach-o.executable"; includeInIndex = 0; path = SwiftSnmpV3Get; sourceTree = BUILT_PRODUCTS_DIR; };
		2F3154D72886297000190310 /* SwiftSnmpV3Get.swift */ = {isa = PBXFileReference; lastKnownFileType = sourcecode.swift; path = SwiftSnmpV3Get.swift; sourceTree = "<group>"; };
		2F82AC6028712D1B0060931B /* swiftsnmpget */ = {isa = PBXFileReference; explicitFileType = "compiled.mach-o.executable"; includeInIndex = 0; path = swiftsnmpget; sourceTree = BUILT_PRODUCTS_DIR; };
		2F82AC6228712D1B0060931B /* SwiftSnmpGet.swift */ = {isa = PBXFileReference; lastKnownFileType = sourcecode.swift; path = SwiftSnmpGet.swift; sourceTree = "<group>"; };
/* End PBXFileReference section */

/* Begin PBXFrameworksBuildPhase section */
		2F3154C32880D52900190310 /* Frameworks */ = {
			isa = PBXFrameworksBuildPhase;
			buildActionMask = 2147483647;
			files = (
				2F3154CE2880D53900190310 /* ArgumentParser in Frameworks */,
				2F3154D02880D53E00190310 /* SwiftSnmpKit in Frameworks */,
			);
			runOnlyForDeploymentPostprocessing = 0;
		};
		2F3154D22886297000190310 /* Frameworks */ = {
			isa = PBXFrameworksBuildPhase;
			buildActionMask = 2147483647;
			files = (
				2F3154DD28862A9F00190310 /* ArgumentParser in Frameworks */,
				2F3154DF28862AA600190310 /* SwiftSnmpKit in Frameworks */,
			);
			runOnlyForDeploymentPostprocessing = 0;
		};
		2F82AC5D28712D1B0060931B /* Frameworks */ = {
			isa = PBXFrameworksBuildPhase;
			buildActionMask = 2147483647;
			files = (
				2F82AC6E287A20F90060931B /* ArgumentParser in Frameworks */,
				2F82AC6928712E510060931B /* SwiftSnmpKit in Frameworks */,
			);
			runOnlyForDeploymentPostprocessing = 0;
		};
/* End PBXFrameworksBuildPhase section */

/* Begin PBXGroup section */
		2F3154C72880D52900190310 /* SwiftSnmpWalk */ = {
			isa = PBXGroup;
			children = (
				2F3154C82880D52900190310 /* SwiftSnmpWalk.swift */,
			);
			path = SwiftSnmpWalk;
			sourceTree = "<group>";
		};
		2F3154D62886297000190310 /* SwiftSnmpV3Get */ = {
			isa = PBXGroup;
			children = (
				2F3154D72886297000190310 /* SwiftSnmpV3Get.swift */,
			);
			path = SwiftSnmpV3Get;
			sourceTree = "<group>";
		};
		2F82AC4628712BB10060931B = {
			isa = PBXGroup;
			children = (
				2F82AC6128712D1B0060931B /* swiftsnmpget */,
				2F3154C72880D52900190310 /* SwiftSnmpWalk */,
				2F3154D62886297000190310 /* SwiftSnmpV3Get */,
				2F82AC5028712BB10060931B /* Products */,
				2F82AC6728712E510060931B /* Frameworks */,
			);
			sourceTree = "<group>";
		};
		2F82AC5028712BB10060931B /* Products */ = {
			isa = PBXGroup;
			children = (
				2F82AC6028712D1B0060931B /* swiftsnmpget */,
				2F3154C62880D52900190310 /* SwiftSnmpWalk */,
				2F3154D52886297000190310 /* SwiftSnmpV3Get */,
			);
			name = Products;
			sourceTree = "<group>";
		};
		2F82AC6128712D1B0060931B /* swiftsnmpget */ = {
			isa = PBXGroup;
			children = (
				2F82AC6228712D1B0060931B /* SwiftSnmpGet.swift */,
			);
			path = swiftsnmpget;
			sourceTree = "<group>";
		};
		2F82AC6728712E510060931B /* Frameworks */ = {
			isa = PBXGroup;
			children = (
			);
			name = Frameworks;
			sourceTree = "<group>";
		};
/* End PBXGroup section */

/* Begin PBXNativeTarget section */
		2F3154C52880D52900190310 /* SwiftSnmpWalk */ = {
			isa = PBXNativeTarget;
			buildConfigurationList = 2F3154CC2880D52900190310 /* Build configuration list for PBXNativeTarget "SwiftSnmpWalk" */;
			buildPhases = (
				2F3154C22880D52900190310 /* Sources */,
				2F3154C32880D52900190310 /* Frameworks */,
				2F3154C42880D52900190310 /* CopyFiles */,
			);
			buildRules = (
			);
			dependencies = (
			);
			name = SwiftSnmpWalk;
			packageProductDependencies = (
				2F3154CD2880D53900190310 /* ArgumentParser */,
				2F3154CF2880D53E00190310 /* SwiftSnmpKit */,
			);
			productName = SwiftSnmpWalk;
			productReference = 2F3154C62880D52900190310 /* SwiftSnmpWalk */;
			productType = "com.apple.product-type.tool";
		};
		2F3154D42886297000190310 /* SwiftSnmpV3Get */ = {
			isa = PBXNativeTarget;
			buildConfigurationList = 2F3154D92886297100190310 /* Build configuration list for PBXNativeTarget "SwiftSnmpV3Get" */;
			buildPhases = (
				2F3154D12886297000190310 /* Sources */,
				2F3154D22886297000190310 /* Frameworks */,
				2F3154D32886297000190310 /* CopyFiles */,
			);
			buildRules = (
			);
			dependencies = (
			);
			name = SwiftSnmpV3Get;
			packageProductDependencies = (
				2F3154DC28862A9F00190310 /* ArgumentParser */,
				2F3154DE28862AA600190310 /* SwiftSnmpKit */,
			);
			productName = SwiftSnmpV3Get;
			productReference = 2F3154D52886297000190310 /* SwiftSnmpV3Get */;
			productType = "com.apple.product-type.tool";
		};
		2F82AC5F28712D1B0060931B /* swiftsnmpget */ = {
			isa = PBXNativeTarget;
			buildConfigurationList = 2F82AC6428712D1B0060931B /* Build configuration list for PBXNativeTarget "swiftsnmpget" */;
			buildPhases = (
				2F82AC5C28712D1B0060931B /* Sources */,
				2F82AC5D28712D1B0060931B /* Frameworks */,
				2F82AC5E28712D1B0060931B /* CopyFiles */,
			);
			buildRules = (
			);
			dependencies = (
			);
			name = swiftsnmpget;
			packageProductDependencies = (
				2F82AC6828712E510060931B /* SwiftSnmpKit */,
				2F82AC6D287A20F90060931B /* ArgumentParser */,
			);
			productName = swiftsnmpget;
			productReference = 2F82AC6028712D1B0060931B /* swiftsnmpget */;
			productType = "com.apple.product-type.tool";
		};
/* End PBXNativeTarget section */

/* Begin PBXProject section */
		2F82AC4728712BB10060931B /* Project object */ = {
			isa = PBXProject;
			attributes = {
				BuildIndependentTargetsInParallel = 1;
				LastSwiftUpdateCheck = 1340;
				LastUpgradeCheck = 1340;
				TargetAttributes = {
					2F3154C52880D52900190310 = {
						CreatedOnToolsVersion = 13.4.1;
					};
					2F3154D42886297000190310 = {
						CreatedOnToolsVersion = 13.4.1;
					};
					2F82AC5F28712D1B0060931B = {
						CreatedOnToolsVersion = 13.4.1;
					};
				};
			};
			buildConfigurationList = 2F82AC4A28712BB10060931B /* Build configuration list for PBXProject "SwiftSnmpTools" */;
			compatibilityVersion = "Xcode 13.0";
			developmentRegion = en;
			hasScannedForEncodings = 0;
			knownRegions = (
				en,
				Base,
			);
			mainGroup = 2F82AC4628712BB10060931B;
			packageReferences = (
				2F82AC5928712CC30060931B /* XCRemoteSwiftPackageReference "SwiftSnmpKit" */,
				2F82AC6A287A1E3F0060931B /* XCRemoteSwiftPackageReference "swift-argument-parser" */,
			);
			productRefGroup = 2F82AC5028712BB10060931B /* Products */;
			projectDirPath = "";
			projectRoot = "";
			targets = (
				2F82AC5F28712D1B0060931B /* swiftsnmpget */,
				2F3154C52880D52900190310 /* SwiftSnmpWalk */,
				2F3154D42886297000190310 /* SwiftSnmpV3Get */,
			);
		};
/* End PBXProject section */

/* Begin PBXSourcesBuildPhase section */
		2F3154C22880D52900190310 /* Sources */ = {
			isa = PBXSourcesBuildPhase;
			buildActionMask = 2147483647;
			files = (
				2F3154C92880D52900190310 /* SwiftSnmpWalk.swift in Sources */,
			);
			runOnlyForDeploymentPostprocessing = 0;
		};
		2F3154D12886297000190310 /* Sources */ = {
			isa = PBXSourcesBuildPhase;
			buildActionMask = 2147483647;
			files = (
				2F3154D82886297100190310 /* SwiftSnmpV3Get.swift in Sources */,
			);
			runOnlyForDeploymentPostprocessing = 0;
		};
		2F82AC5C28712D1B0060931B /* Sources */ = {
			isa = PBXSourcesBuildPhase;
			buildActionMask = 2147483647;
			files = (
				2F82AC6328712D1B0060931B /* SwiftSnmpGet.swift in Sources */,
			);
			runOnlyForDeploymentPostprocessing = 0;
		};
/* End PBXSourcesBuildPhase section */

/* Begin XCBuildConfiguration section */
		2F3154CA2880D52900190310 /* Debug */ = {
			isa = XCBuildConfiguration;
			buildSettings = {
				CODE_SIGN_STYLE = Automatic;
				DEVELOPMENT_TEAM = 8DU2Q8ABKY;
				ENABLE_HARDENED_RUNTIME = YES;
				PRODUCT_NAME = "$(TARGET_NAME)";
				SWIFT_VERSION = 5.0;
			};
			name = Debug;
		};
		2F3154CB2880D52900190310 /* Release */ = {
			isa = XCBuildConfiguration;
			buildSettings = {
				CODE_SIGN_STYLE = Automatic;
				DEVELOPMENT_TEAM = 8DU2Q8ABKY;
				ENABLE_HARDENED_RUNTIME = YES;
				PRODUCT_NAME = "$(TARGET_NAME)";
				SWIFT_VERSION = 5.0;
			};
			name = Release;
		};
		2F3154DA2886297100190310 /* Debug */ = {
			isa = XCBuildConfiguration;
			buildSettings = {
				CODE_SIGN_STYLE = Automatic;
				DEVELOPMENT_TEAM = 8DU2Q8ABKY;
				ENABLE_HARDENED_RUNTIME = YES;
				PRODUCT_NAME = "$(TARGET_NAME)";
				SWIFT_VERSION = 5.0;
			};
			name = Debug;
		};
		2F3154DB2886297100190310 /* Release */ = {
			isa = XCBuildConfiguration;
			buildSettings = {
				CODE_SIGN_STYLE = Automatic;
				DEVELOPMENT_TEAM = 8DU2Q8ABKY;
				ENABLE_HARDENED_RUNTIME = YES;
				PRODUCT_NAME = "$(TARGET_NAME)";
				SWIFT_VERSION = 5.0;
			};
			name = Release;
		};
		2F82AC5428712BB10060931B /* Debug */ = {
			isa = XCBuildConfiguration;
			buildSettings = {
				ALWAYS_SEARCH_USER_PATHS = NO;
				CLANG_ANALYZER_NONNULL = YES;
				CLANG_ANALYZER_NUMBER_OBJECT_CONVERSION = YES_AGGRESSIVE;
				CLANG_CXX_LANGUAGE_STANDARD = "gnu++17";
				CLANG_ENABLE_MODULES = YES;
				CLANG_ENABLE_OBJC_ARC = YES;
				CLANG_ENABLE_OBJC_WEAK = YES;
				CLANG_WARN_BLOCK_CAPTURE_AUTORELEASING = YES;
				CLANG_WARN_BOOL_CONVERSION = YES;
				CLANG_WARN_COMMA = YES;
				CLANG_WARN_CONSTANT_CONVERSION = YES;
				CLANG_WARN_DEPRECATED_OBJC_IMPLEMENTATIONS = YES;
				CLANG_WARN_DIRECT_OBJC_ISA_USAGE = YES_ERROR;
				CLANG_WARN_DOCUMENTATION_COMMENTS = YES;
				CLANG_WARN_EMPTY_BODY = YES;
				CLANG_WARN_ENUM_CONVERSION = YES;
				CLANG_WARN_INFINITE_RECURSION = YES;
				CLANG_WARN_INT_CONVERSION = YES;
				CLANG_WARN_NON_LITERAL_NULL_CONVERSION = YES;
				CLANG_WARN_OBJC_IMPLICIT_RETAIN_SELF = YES;
				CLANG_WARN_OBJC_LITERAL_CONVERSION = YES;
				CLANG_WARN_OBJC_ROOT_CLASS = YES_ERROR;
				CLANG_WARN_QUOTED_INCLUDE_IN_FRAMEWORK_HEADER = YES;
				CLANG_WARN_RANGE_LOOP_ANALYSIS = YES;
				CLANG_WARN_STRICT_PROTOTYPES = YES;
				CLANG_WARN_SUSPICIOUS_MOVE = YES;
				CLANG_WARN_UNGUARDED_AVAILABILITY = YES_AGGRESSIVE;
				CLANG_WARN_UNREACHABLE_CODE = YES;
				CLANG_WARN__DUPLICATE_METHOD_MATCH = YES;
				COPY_PHASE_STRIP = NO;
				DEBUG_INFORMATION_FORMAT = dwarf;
				ENABLE_STRICT_OBJC_MSGSEND = YES;
				ENABLE_TESTABILITY = YES;
				GCC_C_LANGUAGE_STANDARD = gnu11;
				GCC_DYNAMIC_NO_PIC = NO;
				GCC_NO_COMMON_BLOCKS = YES;
				GCC_OPTIMIZATION_LEVEL = 0;
				GCC_PREPROCESSOR_DEFINITIONS = (
					"DEBUG=1",
					"$(inherited)",
				);
				GCC_WARN_64_TO_32_BIT_CONVERSION = YES;
				GCC_WARN_ABOUT_RETURN_TYPE = YES_ERROR;
				GCC_WARN_UNDECLARED_SELECTOR = YES;
				GCC_WARN_UNINITIALIZED_AUTOS = YES_AGGRESSIVE;
				GCC_WARN_UNUSED_FUNCTION = YES;
				GCC_WARN_UNUSED_VARIABLE = YES;
				MACOSX_DEPLOYMENT_TARGET = 12.3;
				MTL_ENABLE_DEBUG_INFO = INCLUDE_SOURCE;
				MTL_FAST_MATH = YES;
				ONLY_ACTIVE_ARCH = YES;
				SDKROOT = macosx;
				SWIFT_ACTIVE_COMPILATION_CONDITIONS = DEBUG;
				SWIFT_OPTIMIZATION_LEVEL = "-Onone";
			};
			name = Debug;
		};
		2F82AC5528712BB10060931B /* Release */ = {
			isa = XCBuildConfiguration;
			buildSettings = {
				ALWAYS_SEARCH_USER_PATHS = NO;
				CLANG_ANALYZER_NONNULL = YES;
				CLANG_ANALYZER_NUMBER_OBJECT_CONVERSION = YES_AGGRESSIVE;
				CLANG_CXX_LANGUAGE_STANDARD = "gnu++17";
				CLANG_ENABLE_MODULES = YES;
				CLANG_ENABLE_OBJC_ARC = YES;
				CLANG_ENABLE_OBJC_WEAK = YES;
				CLANG_WARN_BLOCK_CAPTURE_AUTORELEASING = YES;
				CLANG_WARN_BOOL_CONVERSION = YES;
				CLANG_WARN_COMMA = YES;
				CLANG_WARN_CONSTANT_CONVERSION = YES;
				CLANG_WARN_DEPRECATED_OBJC_IMPLEMENTATIONS = YES;
				CLANG_WARN_DIRECT_OBJC_ISA_USAGE = YES_ERROR;
				CLANG_WARN_DOCUMENTATION_COMMENTS = YES;
				CLANG_WARN_EMPTY_BODY = YES;
				CLANG_WARN_ENUM_CONVERSION = YES;
				CLANG_WARN_INFINITE_RECURSION = YES;
				CLANG_WARN_INT_CONVERSION = YES;
				CLANG_WARN_NON_LITERAL_NULL_CONVERSION = YES;
				CLANG_WARN_OBJC_IMPLICIT_RETAIN_SELF = YES;
				CLANG_WARN_OBJC_LITERAL_CONVERSION = YES;
				CLANG_WARN_OBJC_ROOT_CLASS = YES_ERROR;
				CLANG_WARN_QUOTED_INCLUDE_IN_FRAMEWORK_HEADER = YES;
				CLANG_WARN_RANGE_LOOP_ANALYSIS = YES;
				CLANG_WARN_STRICT_PROTOTYPES = YES;
				CLANG_WARN_SUSPICIOUS_MOVE = YES;
				CLANG_WARN_UNGUARDED_AVAILABILITY = YES_AGGRESSIVE;
				CLANG_WARN_UNREACHABLE_CODE = YES;
				CLANG_WARN__DUPLICATE_METHOD_MATCH = YES;
				COPY_PHASE_STRIP = NO;
				DEBUG_INFORMATION_FORMAT = "dwarf-with-dsym";
				ENABLE_NS_ASSERTIONS = NO;
				ENABLE_STRICT_OBJC_MSGSEND = YES;
				GCC_C_LANGUAGE_STANDARD = gnu11;
				GCC_NO_COMMON_BLOCKS = YES;
				GCC_WARN_64_TO_32_BIT_CONVERSION = YES;
				GCC_WARN_ABOUT_RETURN_TYPE = YES_ERROR;
				GCC_WARN_UNDECLARED_SELECTOR = YES;
				GCC_WARN_UNINITIALIZED_AUTOS = YES_AGGRESSIVE;
				GCC_WARN_UNUSED_FUNCTION = YES;
				GCC_WARN_UNUSED_VARIABLE = YES;
				MACOSX_DEPLOYMENT_TARGET = 12.3;
				MTL_ENABLE_DEBUG_INFO = NO;
				MTL_FAST_MATH = YES;
				SDKROOT = macosx;
				SWIFT_COMPILATION_MODE = wholemodule;
				SWIFT_OPTIMIZATION_LEVEL = "-O";
			};
			name = Release;
		};
		2F82AC6528712D1B0060931B /* Debug */ = {
			isa = XCBuildConfiguration;
			buildSettings = {
				CODE_SIGN_STYLE = Automatic;
				DEVELOPMENT_TEAM = 8DU2Q8ABKY;
				ENABLE_HARDENED_RUNTIME = YES;
				PRODUCT_NAME = "$(TARGET_NAME)";
				SWIFT_VERSION = 5.0;
			};
			name = Debug;
		};
		2F82AC6628712D1B0060931B /* Release */ = {
			isa = XCBuildConfiguration;
			buildSettings = {
				CODE_SIGN_STYLE = Automatic;
				DEVELOPMENT_TEAM = 8DU2Q8ABKY;
				ENABLE_HARDENED_RUNTIME = YES;
				PRODUCT_NAME = "$(TARGET_NAME)";
				SWIFT_VERSION = 5.0;
			};
			name = Release;
		};
/* End XCBuildConfiguration section */

/* Begin XCConfigurationList section */
		2F3154CC2880D52900190310 /* Build configuration list for PBXNativeTarget "SwiftSnmpWalk" */ = {
			isa = XCConfigurationList;
			buildConfigurations = (
				2F3154CA2880D52900190310 /* Debug */,
				2F3154CB2880D52900190310 /* Release */,
			);
			defaultConfigurationIsVisible = 0;
			defaultConfigurationName = Release;
		};
		2F3154D92886297100190310 /* Build configuration list for PBXNativeTarget "SwiftSnmpV3Get" */ = {
			isa = XCConfigurationList;
			buildConfigurations = (
				2F3154DA2886297100190310 /* Debug */,
				2F3154DB2886297100190310 /* Release */,
			);
			defaultConfigurationIsVisible = 0;
			defaultConfigurationName = Release;
		};
		2F82AC4A28712BB10060931B /* Build configuration list for PBXProject "SwiftSnmpTools" */ = {
			isa = XCConfigurationList;
			buildConfigurations = (
				2F82AC5428712BB10060931B /* Debug */,
				2F82AC5528712BB10060931B /* Release */,
			);
			defaultConfigurationIsVisible = 0;
			defaultConfigurationName = Release;
		};
		2F82AC6428712D1B0060931B /* Build configuration list for PBXNativeTarget "swiftsnmpget" */ = {
			isa = XCConfigurationList;
			buildConfigurations = (
				2F82AC6528712D1B0060931B /* Debug */,
				2F82AC6628712D1B0060931B /* Release */,
			);
			defaultConfigurationIsVisible = 0;
			defaultConfigurationName = Release;
		};
/* End XCConfigurationList section */

/* Begin XCRemoteSwiftPackageReference section */
		2F82AC5928712CC30060931B /* XCRemoteSwiftPackageReference "SwiftSnmpKit" */ = {
			isa = XCRemoteSwiftPackageReference;
			repositoryURL = "https://github.com/darrellroot/SwiftSnmpKit.git";
			requirement = {
				kind = upToNextMajorVersion;
				minimumVersion = 0.0.1;
			};
		};
		2F82AC6A287A1E3F0060931B /* XCRemoteSwiftPackageReference "swift-argument-parser" */ = {
			isa = XCRemoteSwiftPackageReference;
			repositoryURL = "https://github.com/apple/swift-argument-parser.git";
			requirement = {
				kind = upToNextMajorVersion;
				minimumVersion = 1.0.0;
			};
		};
/* End XCRemoteSwiftPackageReference section */

/* Begin XCSwiftPackageProductDependency section */
		2F3154CD2880D53900190310 /* ArgumentParser */ = {
			isa = XCSwiftPackageProductDependency;
			package = 2F82AC6A287A1E3F0060931B /* XCRemoteSwiftPackageReference "swift-argument-parser" */;
			productName = ArgumentParser;
		};
		2F3154CF2880D53E00190310 /* SwiftSnmpKit */ = {
			isa = XCSwiftPackageProductDependency;
			package = 2F82AC5928712CC30060931B /* XCRemoteSwiftPackageReference "SwiftSnmpKit" */;
			productName = SwiftSnmpKit;
		};
		2F3154DC28862A9F00190310 /* ArgumentParser */ = {
			isa = XCSwiftPackageProductDependency;
			package = 2F82AC6A287A1E3F0060931B /* XCRemoteSwiftPackageReference "swift-argument-parser" */;
			productName = ArgumentParser;
		};
		2F3154DE28862AA600190310 /* SwiftSnmpKit */ = {
			isa = XCSwiftPackageProductDependency;
			package = 2F82AC5928712CC30060931B /* XCRemoteSwiftPackageReference "SwiftSnmpKit" */;
			productName = SwiftSnmpKit;
		};
		2F82AC6828712E510060931B /* SwiftSnmpKit */ = {
			isa = XCSwiftPackageProductDependency;
			package = 2F82AC5928712CC30060931B /* XCRemoteSwiftPackageReference "SwiftSnmpKit" */;
			productName = SwiftSnmpKit;
		};
		2F82AC6D287A20F90060931B /* ArgumentParser */ = {
			isa = XCSwiftPackageProductDependency;
			package = 2F82AC6A287A1E3F0060931B /* XCRemoteSwiftPackageReference "swift-argument-parser" */;
			productName = ArgumentParser;
		};
/* End XCSwiftPackageProductDependency section */
	};
	rootObject = 2F82AC4728712BB10060931B /* Project object */;
}
